
Microsoft Visual Studio Solution File, Format Version 12.00
# Visual Studio Version 17
VisualStudioVersion = 17.10.35027.167
MinimumVisualStudioVersion = 10.0.40219.1
Project("{FAE04EC0-301F-11D3-BF4B-00C04F79EFBC}") = "Expense_Tracker", "Expense_Tracker\Expense_Tracker.csproj", "{B4B8F5EF-39B0-4AE3-B08F-8353C6E8F885}"
EndProject
Project("{2150E333-8FDC-42A3-9474-1A3956D46DE8}") = "Solution Items", "Solution Items", "{FF3355FA-0188-4C96-A32C-89B263E42E63}"
	ProjectSection(SolutionItems) = preProject
		.editorconfig = .editorconfig
	EndProjectSection
EndProject
Global
	GlobalSection(SolutionConfigurationPlatforms) = preSolution
		Debug|Any CPU = Debug|Any CPU
		Release|Any CPU = Release|Any CPU
	EndGlobalSection
	GlobalSection(ProjectConfigurationPlatforms) = postSolution
		{B4B8F5EF-39B0-4AE3-B08F-8353C6E8F885}.Debug|Any CPU.ActiveCfg = Debug|Any CPU
		{B4B8F5EF-39B0-4AE3-B08F-8353C6E8F885}.Debug|Any CPU.Build.0 = Debug|Any CPU
		{B4B8F5EF-39B0-4AE3-B08F-8353C6E8F885}.Release|Any CPU.ActiveCfg = Release|Any CPU
		{B4B8F5EF-39B0-4AE3-B08F-8353C6E8F885}.Release|Any CPU.Build.0 = Release|Any CPU
	EndGlobalSection
	GlobalSection(SolutionProperties) = preSolution
		HideSolutionNode = FALSE
	EndGlobalSection
	GlobalSection(ExtensibilityGlobals) = postSolution
		SolutionGuid = {3442A43F-8633-473B-A80B-30BFDB12158D}
	EndGlobalSection
EndGlobal
